// !$*UTF8*$!
{
	archiveVersion = 1;
	classes = {
	};
	objectVersion = 46;
	objects = {

/* Begin PBXBuildFile section */
		259965C11D2A46DD0094BF04 /* AppDelegate.swift in Sources */ = {isa = PBXBuildFile; fileRef = 259965C01D2A46DD0094BF04 /* AppDelegate.swift */; };
		259965C31D2A46DD0094BF04 /* ViewController.swift in Sources */ = {isa = PBXBuildFile; fileRef = 259965C21D2A46DD0094BF04 /* ViewController.swift */; };
		259965C61D2A46DD0094BF04 /* Main.storyboard in Resources */ = {isa = PBXBuildFile; fileRef = 259965C41D2A46DD0094BF04 /* Main.storyboard */; };
		259965C81D2A46DD0094BF04 /* Assets.xcassets in Resources */ = {isa = PBXBuildFile; fileRef = 259965C71D2A46DD0094BF04 /* Assets.xcassets */; };
		259965CB1D2A46DD0094BF04 /* LaunchScreen.storyboard in Resources */ = {isa = PBXBuildFile; fileRef = 259965C91D2A46DD0094BF04 /* LaunchScreen.storyboard */; };
		259965DE1D2A47920094BF04 /* song1.jpg in Resources */ = {isa = PBXBuildFile; fileRef = 259965DA1D2A47920094BF04 /* song1.jpg */; };
		259965DF1D2A47920094BF04 /* song2.jpg in Resources */ = {isa = PBXBuildFile; fileRef = 259965DB1D2A47920094BF04 /* song2.jpg */; };
		259965E01D2A47920094BF04 /* song3.jpg in Resources */ = {isa = PBXBuildFile; fileRef = 259965DC1D2A47920094BF04 /* song3.jpg */; };
		259965E11D2A47920094BF04 /* song4.jpg in Resources */ = {isa = PBXBuildFile; fileRef = 259965DD1D2A47920094BF04 /* song4.jpg */; };
		259965E61D2A47AB0094BF04 /* song1.mp3 in Resources */ = {isa = PBXBuildFile; fileRef = 259965E21D2A47AB0094BF04 /* song1.mp3 */; };
		259965E71D2A47AB0094BF04 /* song2.mp3 in Resources */ = {isa = PBXBuildFile; fileRef = 259965E31D2A47AB0094BF04 /* song2.mp3 */; };
		259965E81D2A47AB0094BF04 /* song3.mp3 in Resources */ = {isa = PBXBuildFile; fileRef = 259965E41D2A47AB0094BF04 /* song3.mp3 */; };
		259965E91D2A47AB0094BF04 /* song4.mp3 in Resources */ = {isa = PBXBuildFile; fileRef = 259965E51D2A47AB0094BF04 /* song4.mp3 */; };
		259965EB1D2A53A40094BF04 /* Song.swift in Sources */ = {isa = PBXBuildFile; fileRef = 259965EA1D2A53A40094BF04 /* Song.swift */; };
		259965ED1D2AE39D0094BF04 /* song5.jpg in Resources */ = {isa = PBXBuildFile; fileRef = 259965EC1D2AE39D0094BF04 /* song5.jpg */; };
		259965F11D2AE3E00094BF04 /* song5.mp3 in Resources */ = {isa = PBXBuildFile; fileRef = 259965F01D2AE3E00094BF04 /* song5.mp3 */; };
/* End PBXBuildFile section */

/* Begin PBXFileReference section */
		259965BD1D2A46DD0094BF04 /* Reproductor de Musica.app */ = {isa = PBXFileReference; explicitFileType = wrapper.application; includeInIndex = 0; path = "Reproductor de Musica.app"; sourceTree = BUILT_PRODUCTS_DIR; };
		259965C01D2A46DD0094BF04 /* AppDelegate.swift */ = {isa = PBXFileReference; lastKnownFileType = sourcecode.swift; path = AppDelegate.swift; sourceTree = "<group>"; };
		259965C21D2A46DD0094BF04 /* ViewController.swift */ = {isa = PBXFileReference; lastKnownFileType = sourcecode.swift; path = ViewController.swift; sourceTree = "<group>"; };
		259965C51D2A46DD0094BF04 /* Base */ = {isa = PBXFileReference; lastKnownFileType = file.storyboard; name = Base; path = Base.lproj/Main.storyboard; sourceTree = "<group>"; };
		259965C71D2A46DD0094BF04 /* Assets.xcassets */ = {isa = PBXFileReference; lastKnownFileType = folder.assetcatalog; path = Assets.xcassets; sourceTree = "<group>"; };
		259965CA1D2A46DD0094BF04 /* Base */ = {isa = PBXFileReference; lastKnownFileType = file.storyboard; name = Base; path = Base.lproj/LaunchScreen.storyboard; sourceTree = "<group>"; };
		259965CC1D2A46DD0094BF04 /* Info.plist */ = {isa = PBXFileReference; lastKnownFileType = text.plist.xml; path = Info.plist; sourceTree = "<group>"; };
		259965DA1D2A47920094BF04 /* song1.jpg */ = {isa = PBXFileReference; lastKnownFileType = image.jpeg; path = song1.jpg; sourceTree = "<group>"; };
		259965DB1D2A47920094BF04 /* song2.jpg */ = {isa = PBXFileReference; lastKnownFileType = image.jpeg; path = song2.jpg; sourceTree = "<group>"; };
		259965DC1D2A47920094BF04 /* song3.jpg */ = {isa = PBXFileReference; lastKnownFileType = image.jpeg; path = song3.jpg; sourceTree = "<group>"; };
		259965DD1D2A47920094BF04 /* song4.jpg */ = {isa = PBXFileReference; lastKnownFileType = image.jpeg; path = song4.jpg; sourceTree = "<group>"; };
		259965E21D2A47AB0094BF04 /* song1.mp3 */ = {isa = PBXFileReference; lastKnownFileType = audio.mp3; path = song1.mp3; sourceTree = "<group>"; };
		259965E31D2A47AB0094BF04 /* song2.mp3 */ = {isa = PBXFileReference; lastKnownFileType = audio.mp3; path = song2.mp3; sourceTree = "<group>"; };
		259965E41D2A47AB0094BF04 /* song3.mp3 */ = {isa = PBXFileReference; lastKnownFileType = audio.mp3; path = song3.mp3; sourceTree = "<group>"; };
		259965E51D2A47AB0094BF04 /* song4.mp3 */ = {isa = PBXFileReference; lastKnownFileType = audio.mp3; path = song4.mp3; sourceTree = "<group>"; };
		259965EA1D2A53A40094BF04 /* Song.swift */ = {isa = PBXFileReference; fileEncoding = 4; lastKnownFileType = sourcecode.swift; path = Song.swift; sourceTree = "<group>"; };
		259965EC1D2AE39D0094BF04 /* song5.jpg */ = {isa = PBXFileReference; lastKnownFileType = image.jpeg; path = song5.jpg; sourceTree = "<group>"; };
		259965F01D2AE3E00094BF04 /* song5.mp3 */ = {isa = PBXFileReference; lastKnownFileType = audio.mp3; path = song5.mp3; sourceTree = "<group>"; };
/* End PBXFileReference section */

/* Begin PBXFrameworksBuildPhase section */
		259965BA1D2A46DD0094BF04 /* Frameworks */ = {
			isa = PBXFrameworksBuildPhase;
			buildActionMask = 2147483647;
			files = (
			);
			runOnlyForDeploymentPostprocessing = 0;
		};
/* End PBXFrameworksBuildPhase section */

/* Begin PBXGroup section */
		259965B41D2A46DC0094BF04 = {
			isa = PBXGroup;
			children = (
				259965BF1D2A46DD0094BF04 /* Reproductor de Musica */,
				259965BE1D2A46DD0094BF04 /* Products */,
			);
			sourceTree = "<group>";
		};
		259965BE1D2A46DD0094BF04 /* Products */ = {
			isa = PBXGroup;
			children = (
				259965BD1D2A46DD0094BF04 /* Reproductor de Musica.app */,
			);
			name = Products;
			sourceTree = "<group>";
		};
		259965BF1D2A46DD0094BF04 /* Reproductor de Musica */ = {
			isa = PBXGroup;
			children = (
				259965DA1D2A47920094BF04 /* song1.jpg */,
				259965DC1D2A47920094BF04 /* song3.jpg */,
				259965DB1D2A47920094BF04 /* song2.jpg */,
				259965DD1D2A47920094BF04 /* song4.jpg */,
				259965EC1D2AE39D0094BF04 /* song5.jpg */,
				259965C01D2A46DD0094BF04 /* AppDelegate.swift */,
				259965C21D2A46DD0094BF04 /* ViewController.swift */,
				259965C41D2A46DD0094BF04 /* Main.storyboard */,
				259965C71D2A46DD0094BF04 /* Assets.xcassets */,
				259965C91D2A46DD0094BF04 /* LaunchScreen.storyboard */,
				259965CC1D2A46DD0094BF04 /* Info.plist */,
				259965E21D2A47AB0094BF04 /* song1.mp3 */,
				259965E31D2A47AB0094BF04 /* song2.mp3 */,
				259965E41D2A47AB0094BF04 /* song3.mp3 */,
				259965E51D2A47AB0094BF04 /* song4.mp3 */,
				259965F01D2AE3E00094BF04 /* song5.mp3 */,
				259965EA1D2A53A40094BF04 /* Song.swift */,
			);
			path = "Reproductor de Musica";
			sourceTree = "<group>";
		};
/* End PBXGroup section */

/* Begin PBXNativeTarget section */
		259965BC1D2A46DD0094BF04 /* Reproductor de Musica */ = {
			isa = PBXNativeTarget;
			buildConfigurationList = 259965CF1D2A46DD0094BF04 /* Build configuration list for PBXNativeTarget "Reproductor de Musica" */;
			buildPhases = (
				259965B91D2A46DD0094BF04 /* Sources */,
				259965BA1D2A46DD0094BF04 /* Frameworks */,
				259965BB1D2A46DD0094BF04 /* Resources */,
			);
			buildRules = (
			);
			dependencies = (
			);
			name = "Reproductor de Musica";
			productName = "Reproductor de Musica";
			productReference = 259965BD1D2A46DD0094BF04 /* Reproductor de Musica.app */;
			productType = "com.apple.product-type.application";
		};
/* End PBXNativeTarget section */

/* Begin PBXProject section */
		259965B51D2A46DD0094BF04 /* Project object */ = {
			isa = PBXProject;
			attributes = {
				LastSwiftUpdateCheck = 0730;
				LastUpgradeCheck = 0730;
				ORGANIZATIONNAME = "Timo Siegle";
				TargetAttributes = {
					259965BC1D2A46DD0094BF04 = {
						CreatedOnToolsVersion = 7.3.1;
					};
				};
			};
			buildConfigurationList = 259965B81D2A46DD0094BF04 /* Build configuration list for PBXProject "Reproductor de Musica" */;
			compatibilityVersion = "Xcode 3.2";
			developmentRegion = English;
			hasScannedForEncodings = 0;
			knownRegions = (
				en,
				Base,
			);
			mainGroup = 259965B41D2A46DC0094BF04;
			productRefGroup = 259965BE1D2A46DD0094BF04 /* Products */;
			projectDirPath = "";
			projectRoot = "";
			targets = (
				259965BC1D2A46DD0094BF04 /* Reproductor de Musica */,
			);
		};
/* End PBXProject section */

/* Begin PBXResourcesBuildPhase section */
		259965BB1D2A46DD0094BF04 /* Resources */ = {
			isa = PBXResourcesBuildPhase;
			buildActionMask = 2147483647;
			files = (
				259965DE1D2A47920094BF04 /* song1.jpg in Resources */,
				259965E71D2A47AB0094BF04 /* song2.mp3 in Resources */,
				259965DF1D2A47920094BF04 /* song2.jpg in Resources */,
				259965F11D2AE3E00094BF04 /* song5.mp3 in Resources */,
				259965E01D2A47920094BF04 /* song3.jpg in Resources */,
				259965ED1D2AE39D0094BF04 /* song5.jpg in Resources */,
				259965CB1D2A46DD0094BF04 /* LaunchScreen.storyboard in Resources */,
				259965E11D2A47920094BF04 /* song4.jpg in Resources */,
				259965C81D2A46DD0094BF04 /* Assets.xcassets in Resources */,
				259965E81D2A47AB0094BF04 /* song3.mp3 in Resources */,
				259965C61D2A46DD0094BF04 /* Main.storyboard in Resources */,
				259965E91D2A47AB0094BF04 /* song4.mp3 in Resources */,
				259965E61D2A47AB0094BF04 /* song1.mp3 in Resources */,
			);
			runOnlyForDeploymentPostprocessing = 0;
		};
/* End PBXResourcesBuildPhase section */

/* Begin PBXSourcesBuildPhase section */
		259965B91D2A46DD0094BF04 /* Sources */ = {
			isa = PBXSourcesBuildPhase;
			buildActionMask = 2147483647;
			files = (
				259965EB1D2A53A40094BF04 /* Song.swift in Sources */,
				259965C31D2A46DD0094BF04 /* ViewController.swift in Sources */,
				259965C11D2A46DD0094BF04 /* AppDelegate.swift in Sources */,
			);
			runOnlyForDeploymentPostprocessing = 0;
		};
/* End PBXSourcesBuildPhase section */

/* Begin PBXVariantGroup section */
		259965C41D2A46DD0094BF04 /* Main.storyboard */ = {
			isa = PBXVariantGroup;
			children = (
				259965C51D2A46DD0094BF04 /* Base */,
			);
			name = Main.storyboard;
			sourceTree = "<group>";
		};
		259965C91D2A46DD0094BF04 /* LaunchScreen.storyboard */ = {
			isa = PBXVariantGroup;
			children = (
				259965CA1D2A46DD0094BF04 /* Base */,
			);
			name = LaunchScreen.storyboard;
			sourceTree = "<group>";
		};
/* End PBXVariantGroup section */

/* Begin XCBuildConfiguration section */
		259965CD1D2A46DD0094BF04 /* Debug */ = {
			isa = XCBuildConfiguration;
			buildSettings = {
				ALWAYS_SEARCH_USER_PATHS = NO;
				CLANG_ANALYZER_NONNULL = YES;
				CLANG_CXX_LANGUAGE_STANDARD = "gnu++0x";
				CLANG_CXX_LIBRARY = "libc++";
				CLANG_ENABLE_MODULES = YES;
				CLANG_ENABLE_OBJC_ARC = YES;
				CLANG_WARN_BOOL_CONVERSION = YES;
				CLANG_WARN_CONSTANT_CONVERSION = YES;
				CLANG_WARN_DIRECT_OBJC_ISA_USAGE = YES_ERROR;
				CLANG_WARN_EMPTY_BODY = YES;
				CLANG_WARN_ENUM_CONVERSION = YES;
				CLANG_WARN_INT_CONVERSION = YES;
				CLANG_WARN_OBJC_ROOT_CLASS = YES_ERROR;
				CLANG_WARN_UNREACHABLE_CODE = YES;
				CLANG_WARN__DUPLICATE_METHOD_MATCH = YES;
				"CODE_SIGN_IDENTITY[sdk=iphoneos*]" = "iPhone Developer";
				COPY_PHASE_STRIP = NO;
				DEBUG_INFORMATION_FORMAT = dwarf;
				ENABLE_STRICT_OBJC_MSGSEND = YES;
				ENABLE_TESTABILITY = YES;
				GCC_C_LANGUAGE_STANDARD = gnu99;
				GCC_DYNAMIC_NO_PIC = NO;
				GCC_NO_COMMON_BLOCKS = YES;
				GCC_OPTIMIZATION_LEVEL = 0;
				GCC_PREPROCESSOR_DEFINITIONS = (
					"DEBUG=1",
					"$(inherited)",
				);
				GCC_WARN_64_TO_32_BIT_CONVERSION = YES;
				GCC_WARN_ABOUT_RETURN_TYPE = YES_ERROR;
				GCC_WARN_UNDECLARED_SELECTOR = YES;
				GCC_WARN_UNINITIALIZED_AUTOS = YES_AGGRESSIVE;
				GCC_WARN_UNUSED_FUNCTION = YES;
				GCC_WARN_UNUSED_VARIABLE = YES;
				IPHONEOS_DEPLOYMENT_TARGET = 9.3;
				MTL_ENABLE_DEBUG_INFO = YES;
				ONLY_ACTIVE_ARCH = YES;
				SDKROOT = iphoneos;
				SWIFT_OPTIMIZATION_LEVEL = "-Onone";
			};
			name = Debug;
		};
		259965CE1D2A46DD0094BF04 /* Release */ = {
			isa = XCBuildConfiguration;
			buildSettings = {
				ALWAYS_SEARCH_USER_PATHS = NO;
				CLANG_ANALYZER_NONNULL = YES;
				CLANG_CXX_LANGUAGE_STANDARD = "gnu++0x";
				CLANG_CXX_LIBRARY = "libc++";
				CLANG_ENABLE_MODULES = YES;
				CLANG_ENABLE_OBJC_ARC = YES;
				CLANG_WARN_BOOL_CONVERSION = YES;
				CLANG_WARN_CONSTANT_CONVERSION = YES;
				CLANG_WARN_DIRECT_OBJC_ISA_USAGE = YES_ERROR;
				CLANG_WARN_EMPTY_BODY = YES;
				CLANG_WARN_ENUM_CONVERSION = YES;
				CLANG_WARN_INT_CONVERSION = YES;
				CLANG_WARN_OBJC_ROOT_CLASS = YES_ERROR;
				CLANG_WARN_UNREACHABLE_CODE = YES;
				CLANG_WARN__DUPLICATE_METHOD_MATCH = YES;
				"CODE_SIGN_IDENTITY[sdk=iphoneos*]" = "iPhone Developer";
				COPY_PHASE_STRIP = NO;
				DEBUG_INFORMATION_FORMAT = "dwarf-with-dsym";
				ENABLE_NS_ASSERTIONS = NO;
				ENABLE_STRICT_OBJC_MSGSEND = YES;
				GCC_C_LANGUAGE_STANDARD = gnu99;
				GCC_NO_COMMON_BLOCKS = YES;
				GCC_WARN_64_TO_32_BIT_CONVERSION = YES;
				GCC_WARN_ABOUT_RETURN_TYPE = YES_ERROR;
				GCC_WARN_UNDECLARED_SELECTOR = YES;
				GCC_WARN_UNINITIALIZED_AUTOS = YES_AGGRESSIVE;
				GCC_WARN_UNUSED_FUNCTION = YES;
				GCC_WARN_UNUSED_VARIABLE = YES;
				IPHONEOS_DEPLOYMENT_TARGET = 9.3;
				MTL_ENABLE_DEBUG_INFO = NO;
				SDKROOT = iphoneos;
				VALIDATE_PRODUCT = YES;
			};
			name = Release;
		};
		259965D01D2A46DD0094BF04 /* Debug */ = {
			isa = XCBuildConfiguration;
			buildSettings = {
				ASSETCATALOG_COMPILER_APPICON_NAME = AppIcon;
				INFOPLIST_FILE = "Reproductor de Musica/Info.plist";
				LD_RUNPATH_SEARCH_PATHS = "$(inherited) @executable_path/Frameworks";
				PRODUCT_BUNDLE_IDENTIFIER = "ts.Reproductor-de-Musica";
				PRODUCT_NAME = "$(TARGET_NAME)";
			};
			name = Debug;
		};
		259965D11D2A46DD0094BF04 /* Release */ = {
			isa = XCBuildConfiguration;
			buildSettings = {
				ASSETCATALOG_COMPILER_APPICON_NAME = AppIcon;
				INFOPLIST_FILE = "Reproductor de Musica/Info.plist";
				LD_RUNPATH_SEARCH_PATHS = "$(inherited) @executable_path/Frameworks";
				PRODUCT_BUNDLE_IDENTIFIER = "ts.Reproductor-de-Musica";
				PRODUCT_NAME = "$(TARGET_NAME)";
			};
			name = Release;
		};
/* End XCBuildConfiguration section */

/* Begin XCConfigurationList section */
		259965B81D2A46DD0094BF04 /* Build configuration list for PBXProject "Reproductor de Musica" */ = {
			isa = XCConfigurationList;
			buildConfigurations = (
				259965CD1D2A46DD0094BF04 /* Debug */,
				259965CE1D2A46DD0094BF04 /* Release */,
			);
			defaultConfigurationIsVisible = 0;
			defaultConfigurationName = Release;
		};
		259965CF1D2A46DD0094BF04 /* Build configuration list for PBXNativeTarget "Reproductor de Musica" */ = {
			isa = XCConfigurationList;
			buildConfigurations = (
				259965D01D2A46DD0094BF04 /* Debug */,
				259965D11D2A46DD0094BF04 /* Release */,
			);
			defaultConfigurationIsVisible = 0;
		};
/* End XCConfigurationList section */
	};
	rootObject = 259965B51D2A46DD0094BF04 /* Project object */;
}
